// !$*UTF8*$!
{
	archiveVersion = 1;
	classes = {
	};
	objectVersion = 77;
	objects = {

/* Begin PBXBuildFile section */
		A00000000000000000000001 /* BySideApp.swift in Sources */ = {isa = PBXBuildFile; fileRef = B00000000000000000000001 /* BySideApp.swift */; };
		A00000000000000000000002 /* ImageModel.swift in Sources */ = {isa = PBXBuildFile; fileRef = B00000000000000000000002 /* ImageModel.swift */; };
		A00000000000000000000003 /* ImageCanvasView.swift in Sources */ = {isa = PBXBuildFile; fileRef = B00000000000000000000003 /* ImageCanvasView.swift */; };
		A00000000000000000000004 /* RulerOverlay.swift in Sources */ = {isa = PBXBuildFile; fileRef = B00000000000000000000004 /* RulerOverlay.swift */; };
		A00000000000000000000005 /* ToolbarView.swift in Sources */ = {isa = PBXBuildFile; fileRef = B00000000000000000000005 /* ToolbarView.swift */; };
		A00000000000000000000006 /* ContentView.swift in Sources */ = {isa = PBXBuildFile; fileRef = B00000000000000000000006 /* ContentView.swift */; };
		A00000000000000000000007 /* SettingsView.swift in Sources */ = {isa = PBXBuildFile; fileRef = B00000000000000000000007 /* SettingsView.swift */; };
		A00000000000000000000008 /* icon.icns in Resources */ = {isa = PBXBuildFile; fileRef = B00000000000000000000009 /* icon.icns */; };
/* End PBXBuildFile section */

/* Begin PBXFileReference section */
		B00000000000000000000001 /* BySideApp.swift */ = {isa = PBXFileReference; lastKnownFileType = sourcecode.swift; path = BySideApp.swift; sourceTree = "<group>"; };
		B00000000000000000000002 /* ImageModel.swift */ = {isa = PBXFileReference; lastKnownFileType = sourcecode.swift; path = ImageModel.swift; sourceTree = "<group>"; };
		B00000000000000000000003 /* ImageCanvasView.swift */ = {isa = PBXFileReference; lastKnownFileType = sourcecode.swift; path = ImageCanvasView.swift; sourceTree = "<group>"; };
		B00000000000000000000004 /* RulerOverlay.swift */ = {isa = PBXFileReference; lastKnownFileType = sourcecode.swift; path = RulerOverlay.swift; sourceTree = "<group>"; };
		B00000000000000000000005 /* ToolbarView.swift */ = {isa = PBXFileReference; lastKnownFileType = sourcecode.swift; path = ToolbarView.swift; sourceTree = "<group>"; };
		B00000000000000000000006 /* ContentView.swift */ = {isa = PBXFileReference; lastKnownFileType = sourcecode.swift; path = ContentView.swift; sourceTree = "<group>"; };
		B00000000000000000000007 /* SettingsView.swift */ = {isa = PBXFileReference; lastKnownFileType = sourcecode.swift; path = SettingsView.swift; sourceTree = "<group>"; };
		B00000000000000000000008 /* Info.plist */ = {isa = PBXFileReference; lastKnownFileType = text.plist.xml; path = Info.plist; sourceTree = "<group>"; };
		B00000000000000000000009 /* icon.icns */ = {isa = PBXFileReference; lastKnownFileType = image.icns; name = icon.icns; path = ../../src-tauri/icons/icon.icns; sourceTree = "<group>"; };
		B0000000000000000000000A /* BySide.app */ = {isa = PBXFileReference; explicitFileType = wrapper.application; includeInIndex = 0; path = BySide.app; sourceTree = BUILT_PRODUCTS_DIR; };
/* End PBXFileReference section */

/* Begin PBXFrameworksBuildPhase section */
		C00000000000000000000001 /* Frameworks */ = {
			isa = PBXFrameworksBuildPhase;
			buildActionMask = 2147483647;
			files = (
			);
			runOnlyForDeploymentPostprocessing = 0;
		};
/* End PBXFrameworksBuildPhase section */

/* Begin PBXGroup section */
		D00000000000000000000001 = {
			isa = PBXGroup;
			children = (
				D00000000000000000000002 /* BySide */,
				D00000000000000000000003 /* Resources */,
				D00000000000000000000004 /* Products */,
			);
			sourceTree = "<group>";
		};
		D00000000000000000000002 /* BySide */ = {
			isa = PBXGroup;
			children = (
				B00000000000000000000001 /* BySideApp.swift */,
				B00000000000000000000002 /* ImageModel.swift */,
				B00000000000000000000003 /* ImageCanvasView.swift */,
				B00000000000000000000004 /* RulerOverlay.swift */,
				B00000000000000000000005 /* ToolbarView.swift */,
				B00000000000000000000006 /* ContentView.swift */,
				B00000000000000000000007 /* SettingsView.swift */,
				B00000000000000000000008 /* Info.plist */,
			);
			path = BySide;
			sourceTree = "<group>";
		};
		D00000000000000000000003 /* Resources */ = {
			isa = PBXGroup;
			children = (
				B00000000000000000000009 /* icon.icns */,
			);
			name = Resources;
			sourceTree = "<group>";
		};
		D00000000000000000000004 /* Products */ = {
			isa = PBXGroup;
			children = (
				B0000000000000000000000A /* BySide.app */,
			);
			name = Products;
			sourceTree = "<group>";
		};
/* End PBXGroup section */

/* Begin PBXNativeTarget section */
		E00000000000000000000001 /* BySide */ = {
			isa = PBXNativeTarget;
			buildConfigurationList = F00000000000000000000002 /* Build configuration list for PBXNativeTarget "BySide" */;
			buildPhases = (
				C00000000000000000000002 /* Sources */,
				C00000000000000000000001 /* Frameworks */,
				C00000000000000000000003 /* Resources */,
			);
			buildRules = (
			);
			dependencies = (
			);
			name = BySide;
			packageProductDependencies = (
			);
			productName = BySide;
			productReference = B0000000000000000000000A /* BySide.app */;
			productType = "com.apple.product-type.application";
		};
/* End PBXNativeTarget section */

/* Begin PBXProject section */
		E00000000000000000000002 /* Project object */ = {
			isa = PBXProject;
			attributes = {
				BuildIndependentTargetsInParallel = 1;
				LastSwiftUpdateCheck = 2660;
				LastUpgradeCheck = 2660;
				TargetAttributes = {
					E00000000000000000000001 = {
						CreatedOnToolsVersion = 26.6;
					};
				};
			};
			buildConfigurationList = F00000000000000000000001 /* Build configuration list for PBXProject "BySide" */;
			developmentRegion = en;
			hasScannedForEncodings = 0;
			knownRegions = (
				en,
				Base,
			);
			mainGroup = D00000000000000000000001;
			minimizedProjectReferenceProxies = 1;
			preferredProjectObjectVersion = 77;
			productRefGroup = D00000000000000000000004 /* Products */;
			projectDirPath = "";
			projectRoot = "";
			targets = (
				E00000000000000000000001 /* BySide */,
			);
		};
/* End PBXProject section */

/* Begin PBXResourcesBuildPhase section */
		C00000000000000000000003 /* Resources */ = {
			isa = PBXResourcesBuildPhase;
			buildActionMask = 2147483647;
			files = (
				A00000000000000000000008 /* icon.icns in Resources */,
			);
			runOnlyForDeploymentPostprocessing = 0;
		};
/* End PBXResourcesBuildPhase section */

/* Begin PBXSourcesBuildPhase section */
		C00000000000000000000002 /* Sources */ = {
			isa = PBXSourcesBuildPhase;
			buildActionMask = 2147483647;
			files = (
				A00000000000000000000001 /* BySideApp.swift in Sources */,
				A00000000000000000000002 /* ImageModel.swift in Sources */,
				A00000000000000000000003 /* ImageCanvasView.swift in Sources */,
				A00000000000000000000004 /* RulerOverlay.swift in Sources */,
				A00000000000000000000005 /* ToolbarView.swift in Sources */,
				A00000000000000000000006 /* ContentView.swift in Sources */,
				A00000000000000000000007 /* SettingsView.swift in Sources */,
			);
			runOnlyForDeploymentPostprocessing = 0;
		};
/* End PBXSourcesBuildPhase section */

/* Begin XCBuildConfiguration section */
		100000000000000000000001 /* Debug */ = {
			isa = XCBuildConfiguration;
			buildSettings = {
				CLANG_ENABLE_MODULES = YES;
				CLANG_ENABLE_OBJC_ARC = YES;
				COPY_PHASE_STRIP = NO;
				DEBUG_INFORMATION_FORMAT = dwarf;
				ENABLE_TESTABILITY = YES;
				GCC_C_LANGUAGE_STANDARD = gnu17;
				GCC_OPTIMIZATION_LEVEL = 0;
				ONLY_ACTIVE_ARCH = YES;
				SDKROOT = macosx;
				SWIFT_ACTIVE_COMPILATION_CONDITIONS = "DEBUG $(inherited)";
				SWIFT_OPTIMIZATION_LEVEL = "-Onone";
			};
			name = Debug;
		};
		100000000000000000000002 /* Release */ = {
			isa = XCBuildConfiguration;
			buildSettings = {
				CLANG_ENABLE_MODULES = YES;
				CLANG_ENABLE_OBJC_ARC = YES;
				COPY_PHASE_STRIP = YES;
				DEBUG_INFORMATION_FORMAT = "dwarf-with-dsym";
				GCC_C_LANGUAGE_STANDARD = gnu17;
				SDKROOT = macosx;
				SWIFT_COMPILATION_MODE = wholemodule;
				SWIFT_OPTIMIZATION_LEVEL = "-O";
			};
			name = Release;
		};
		100000000000000000000003 /* Debug */ = {
			isa = XCBuildConfiguration;
			buildSettings = {
				CODE_SIGN_IDENTITY = "-";
				CODE_SIGN_STYLE = Manual;
				COMBINE_HIDPI_IMAGES = YES;
				CURRENT_PROJECT_VERSION = 1;
				ENABLE_HARDENED_RUNTIME = YES;
				GENERATE_INFOPLIST_FILE = NO;
				INFOPLIST_FILE = BySide/Info.plist;
				LD_RUNPATH_SEARCH_PATHS = "$(inherited) @executable_path/../Frameworks";
				MACOSX_DEPLOYMENT_TARGET = 13.0;
				MARKETING_VERSION = 1.5.0;
				PRODUCT_BUNDLE_IDENTIFIER = com.caole.byside;
				PRODUCT_NAME = "$(TARGET_NAME)";
				SWIFT_EMIT_LOC_STRINGS = YES;
				SWIFT_STRICT_CONCURRENCY = minimal;
				SWIFT_VERSION = 5.0;
			};
			name = Debug;
		};
		100000000000000000000004 /* Release */ = {
			isa = XCBuildConfiguration;
			buildSettings = {
				CODE_SIGN_IDENTITY = "-";
				CODE_SIGN_STYLE = Manual;
				COMBINE_HIDPI_IMAGES = YES;
				CURRENT_PROJECT_VERSION = 1;
				ENABLE_HARDENED_RUNTIME = YES;
				GENERATE_INFOPLIST_FILE = NO;
				INFOPLIST_FILE = BySide/Info.plist;
				LD_RUNPATH_SEARCH_PATHS = "$(inherited) @executable_path/../Frameworks";
				MACOSX_DEPLOYMENT_TARGET = 13.0;
				MARKETING_VERSION = 1.5.0;
				PRODUCT_BUNDLE_IDENTIFIER = com.caole.byside;
				PRODUCT_NAME = "$(TARGET_NAME)";
				SWIFT_EMIT_LOC_STRINGS = YES;
				SWIFT_STRICT_CONCURRENCY = minimal;
				SWIFT_VERSION = 5.0;
			};
			name = Release;
		};
/* End XCBuildConfiguration section */

/* Begin XCConfigurationList section */
		F00000000000000000000001 /* Build configuration list for PBXProject "BySide" */ = {
			isa = XCConfigurationList;
			buildConfigurations = (
				100000000000000000000001 /* Debug */,
				100000000000000000000002 /* Release */,
			);
			defaultConfigurationIsVisible = 0;
			defaultConfigurationName = Release;
		};
		F00000000000000000000002 /* Build configuration list for PBXNativeTarget "BySide" */ = {
			isa = XCConfigurationList;
			buildConfigurations = (
				100000000000000000000003 /* Debug */,
				100000000000000000000004 /* Release */,
			);
			defaultConfigurationIsVisible = 0;
			defaultConfigurationName = Release;
		};
/* End XCConfigurationList section */
	};
	rootObject = E00000000000000000000002 /* Project object */;
}
